
Microsoft Visual Studio Solution File, Format Version 12.00
# Visual Studio Version 16
VisualStudioVersion = 16.0.31424.327
MinimumVisualStudioVersion = 10.0.40219.1
Project("{FAE04EC0-301F-11D3-BF4B-00C04F79EFBC}") = "PolymorphismAndInheritance", "PolymorphismAndInheritance\PolymorphismAndInheritance.csproj", "{821F89AD-1DA5-4007-82DA-26A28E16BC8E}"
EndProject
Global
	GlobalSection(SolutionConfigurationPlatforms) = preSolution
		Debug|Any CPU = Debug|Any CPU
		Release|Any CPU = Release|Any CPU
	EndGlobalSection
	GlobalSection(ProjectConfigurationPlatforms) = postSolution
		{821F89AD-1DA5-4007-82DA-26A28E16BC8E}.Debug|Any CPU.ActiveCfg = Debug|Any CPU
		{821F89AD-1DA5-4007-82DA-26A28E16BC8E}.Debug|Any CPU.Build.0 = Debug|Any CPU
		{821F89AD-1DA5-4007-82DA-26A28E16BC8E}.Release|Any CPU.ActiveCfg = Release|Any CPU
		{821F89AD-1DA5-4007-82DA-26A28E16BC8E}.Release|Any CPU.Build.0 = Release|Any CPU
	EndGlobalSection
	GlobalSection(SolutionProperties) = preSolution
		HideSolutionNode = FALSE
	EndGlobalSection
	GlobalSection(ExtensibilityGlobals) = postSolution
		SolutionGuid = {E93D9C51-8F98-4BC0-A9FF-152A0B2A9676}
	EndGlobalSection
EndGlobal
